
Microsoft Visual Studio Solution File, Format Version 12.00
# Visual Studio Version 17
VisualStudioVersion = 17.8.34330.188
MinimumVisualStudioVersion = 10.0.40219.1
Project("{FAE04EC0-301F-11D3-BF4B-00C04F79EFBC}") = "Relay.Api", "Relay.Api.csproj", "{7549BCC1-848D-4C46-A4C3-D9A06CDB722C}"
EndProject
Global
	GlobalSection(SolutionConfigurationPlatforms) = preSolution
		Debug|Any CPU = Debug|Any CPU
		Release|Any CPU = Release|Any CPU
	EndGlobalSection
	GlobalSection(ProjectConfigurationPlatforms) = postSolution
		{7549BCC1-848D-4C46-A4C3-D9A06CDB722C}.Debug|Any CPU.ActiveCfg = Debug|Any CPU
		{7549BCC1-848D-4C46-A4C3-D9A06CDB722C}.Debug|Any CPU.Build.0 = Debug|Any CPU
		{7549BCC1-848D-4C46-A4C3-D9A06CDB722C}.Release|Any CPU.ActiveCfg = Release|Any CPU
		{7549BCC1-848D-4C46-A4C3-D9A06CDB722C}.Release|Any CPU.Build.0 = Release|Any CPU
	EndGlobalSection
	GlobalSection(SolutionProperties) = preSolution
		HideSolutionNode = FALSE
	EndGlobalSection
	GlobalSection(ExtensibilityGlobals) = postSolution
		SolutionGuid = {462BCF64-71CC-4F08-8B6A-4F498D316F6B}
	EndGlobalSection
EndGlobal
